
Microsoft Visual Studio Solution File, Format Version 12.00
# Visual Studio Version 17
VisualStudioVersion = 17.4.33122.133
MinimumVisualStudioVersion = 10.0.40219.1
Project("{9A19103F-16F7-4668-BE54-9A1E7A4F7556}") = "Delegram.App", "delagram\Delegram.App.csproj", "{329BD040-11B6-4664-9598-CBDA5CDAAF38}"
EndProject
Project("{FAE04EC0-301F-11D3-BF4B-00C04F79EFBC}") = "Delegram.Api", "Delegram.Api\Delegram.Api.csproj", "{6D5C2BA6-EC88-4AF9-9304-C2F37370541E}"
EndProject
Global
	GlobalSection(SolutionConfigurationPlatforms) = preSolution
		Debug|Any CPU = Debug|Any CPU
		Release|Any CPU = Release|Any CPU
	EndGlobalSection
	GlobalSection(ProjectConfigurationPlatforms) = postSolution
		{329BD040-11B6-4664-9598-CBDA5CDAAF38}.Debug|Any CPU.ActiveCfg = Debug|Any CPU
		{329BD040-11B6-4664-9598-CBDA5CDAAF38}.Debug|Any CPU.Build.0 = Debug|Any CPU
		{329BD040-11B6-4664-9598-CBDA5CDAAF38}.Release|Any CPU.ActiveCfg = Release|Any CPU
		{329BD040-11B6-4664-9598-CBDA5CDAAF38}.Release|Any CPU.Build.0 = Release|Any CPU
		{6D5C2BA6-EC88-4AF9-9304-C2F37370541E}.Debug|Any CPU.ActiveCfg = Debug|Any CPU
		{6D5C2BA6-EC88-4AF9-9304-C2F37370541E}.Debug|Any CPU.Build.0 = Debug|Any CPU
		{6D5C2BA6-EC88-4AF9-9304-C2F37370541E}.Release|Any CPU.ActiveCfg = Release|Any CPU
		{6D5C2BA6-EC88-4AF9-9304-C2F37370541E}.Release|Any CPU.Build.0 = Release|Any CPU
	EndGlobalSection
	GlobalSection(SolutionProperties) = preSolution
		HideSolutionNode = FALSE
	EndGlobalSection
	GlobalSection(ExtensibilityGlobals) = postSolution
		SolutionGuid = {89ADD0E7-0389-481B-A86F-9E607309B075}
	EndGlobalSection
EndGlobal
